// !$*UTF8*$!
{
	archiveVersion = 1;
	classes = {
	};
	objectVersion = 77;
	objects = {

/* Begin PBXBuildFile section */
		3C08EDC02F5E3A8000C2268E /* URKit in Frameworks */ = {isa = PBXBuildFile; productRef = AA00000500000000000000D0 /* URKit */; };
		3C08EDC12F5E3A8000C2268E /* URUI in Frameworks */ = {isa = PBXBuildFile; productRef = AA00000800000000000000D0 /* URUI */; };
		3C1E1C462F7B0D99002FDAE2 /* BitcoinDevKit in Frameworks */ = {isa = PBXBuildFile; productRef = 3C1E1C452F7B0D99002FDAE2 /* BitcoinDevKit */; };
		3C1E1FA52F7B5F63002FDAE2 /* BitcoinDevKit in Frameworks */ = {isa = PBXBuildFile; productRef = 3C1E1FA42F7B5F63002FDAE2 /* BitcoinDevKit */; };
		AA0000B100000000000000D0 /* Bbqr in Frameworks */ = {isa = PBXBuildFile; productRef = AA0000B000000000000000D0 /* Bbqr */; };
/* End PBXBuildFile section */

/* Begin PBXContainerItemProxy section */
		3C9ACE352F5DED95009B00D0 /* PBXContainerItemProxy */ = {
			isa = PBXContainerItemProxy;
			containerPortal = 3C9ACE1C2F5DED94009B00D0 /* Project object */;
			proxyType = 1;
			remoteGlobalIDString = 3C9ACE232F5DED94009B00D0;
			remoteInfo = birch;
		};
		3C9ACE3F2F5DED95009B00D0 /* PBXContainerItemProxy */ = {
			isa = PBXContainerItemProxy;
			containerPortal = 3C9ACE1C2F5DED94009B00D0 /* Project object */;
			proxyType = 1;
			remoteGlobalIDString = 3C9ACE232F5DED94009B00D0;
			remoteInfo = birch;
		};
/* End PBXContainerItemProxy section */

/* Begin PBXFileReference section */
		3C9ACE242F5DED94009B00D0 /* birch.app */ = {isa = PBXFileReference; explicitFileType = wrapper.application; includeInIndex = 0; path = birch.app; sourceTree = BUILT_PRODUCTS_DIR; };
		3C9ACE342F5DED95009B00D0 /* birchTests.xctest */ = {isa = PBXFileReference; explicitFileType = wrapper.cfbundle; includeInIndex = 0; path = birchTests.xctest; sourceTree = BUILT_PRODUCTS_DIR; };
		3C9ACE3E2F5DED95009B00D0 /* birchUITests.xctest */ = {isa = PBXFileReference; explicitFileType = wrapper.cfbundle; includeInIndex = 0; path = birchUITests.xctest; sourceTree = BUILT_PRODUCTS_DIR; };
		CC0000010000000000000001 /* Base.xcconfig */ = {isa = PBXFileReference; lastKnownFileType = text.xcconfig; path = Base.xcconfig; sourceTree = "<group>"; };
		CC0000010000000000000002 /* Debug.xcconfig */ = {isa = PBXFileReference; lastKnownFileType = text.xcconfig; path = Debug.xcconfig; sourceTree = "<group>"; };
		CC0000010000000000000003 /* Release.xcconfig */ = {isa = PBXFileReference; lastKnownFileType = text.xcconfig; path = Release.xcconfig; sourceTree = "<group>"; };
		CC0000010000000000000004 /* Birch.xcconfig */ = {isa = PBXFileReference; lastKnownFileType = text.xcconfig; path = Birch.xcconfig; sourceTree = "<group>"; };
/* End PBXFileReference section */

/* Begin PBXFileSystemSynchronizedBuildFileExceptionSet section */
		CC0000010000000000000006 /* Exceptions for "birch" folder in "birch" target */ = {
			isa = PBXFileSystemSynchronizedBuildFileExceptionSet;
			membershipExceptions = (
				Info.plist,
			);
			target = 3C9ACE232F5DED94009B00D0 /* birch */;
		};
/* End PBXFileSystemSynchronizedBuildFileExceptionSet section */

/* Begin PBXFileSystemSynchronizedRootGroup section */
		3C9ACE262F5DED94009B00D0 /* birch */ = {
			isa = PBXFileSystemSynchronizedRootGroup;
			exceptions = (
				CC0000010000000000000006 /* Exceptions for "birch" folder in "birch" target */,
			);
			path = birch;
			sourceTree = "<group>";
		};
		3C9ACE372F5DED95009B00D0 /* birchTests */ = {
			isa = PBXFileSystemSynchronizedRootGroup;
			path = birchTests;
			sourceTree = "<group>";
		};
		3C9ACE412F5DED95009B00D0 /* birchUITests */ = {
			isa = PBXFileSystemSynchronizedRootGroup;
			path = birchUITests;
			sourceTree = "<group>";
		};
/* End PBXFileSystemSynchronizedRootGroup section */

/* Begin PBXFrameworksBuildPhase section */
		3C9ACE212F5DED94009B00D0 /* Frameworks */ = {
			isa = PBXFrameworksBuildPhase;
			buildActionMask = 2147483647;
			files = (
				3C1E1C462F7B0D99002FDAE2 /* BitcoinDevKit in Frameworks */,
				3C08EDC12F5E3A8000C2268E /* URUI in Frameworks */,
				3C08EDC02F5E3A8000C2268E /* URKit in Frameworks */,
				3C1E1FA52F7B5F63002FDAE2 /* BitcoinDevKit in Frameworks */,
				AA0000B100000000000000D0 /* Bbqr in Frameworks */,
			);
			runOnlyForDeploymentPostprocessing = 0;
		};
		3C9ACE312F5DED95009B00D0 /* Frameworks */ = {
			isa = PBXFrameworksBuildPhase;
			buildActionMask = 2147483647;
			files = (
			);
			runOnlyForDeploymentPostprocessing = 0;
		};
		3C9ACE3B2F5DED95009B00D0 /* Frameworks */ = {
			isa = PBXFrameworksBuildPhase;
			buildActionMask = 2147483647;
			files = (
			);
			runOnlyForDeploymentPostprocessing = 0;
		};
/* End PBXFrameworksBuildPhase section */

/* Begin PBXGroup section */
		3C9ACE1B2F5DED94009B00D0 = {
			isa = PBXGroup;
			children = (
				CC0000010000000000000005 /* Config */,
				3C9ACE262F5DED94009B00D0 /* birch */,
				3C9ACE372F5DED95009B00D0 /* birchTests */,
				3C9ACE412F5DED95009B00D0 /* birchUITests */,
				3C9ACE252F5DED94009B00D0 /* Products */,
			);
			sourceTree = "<group>";
		};
		3C9ACE252F5DED94009B00D0 /* Products */ = {
			isa = PBXGroup;
			children = (
				3C9ACE242F5DED94009B00D0 /* birch.app */,
				3C9ACE342F5DED95009B00D0 /* birchTests.xctest */,
				3C9ACE3E2F5DED95009B00D0 /* birchUITests.xctest */,
			);
			name = Products;
			sourceTree = "<group>";
		};
		CC0000010000000000000005 /* Config */ = {
			isa = PBXGroup;
			children = (
				CC0000010000000000000001 /* Base.xcconfig */,
				CC0000010000000000000002 /* Debug.xcconfig */,
				CC0000010000000000000004 /* Birch.xcconfig */,
				CC0000010000000000000003 /* Release.xcconfig */,
			);
			path = Config;
			sourceTree = "<group>";
		};
/* End PBXGroup section */

/* Begin PBXNativeTarget section */
		3C9ACE232F5DED94009B00D0 /* birch */ = {
			isa = PBXNativeTarget;
			buildConfigurationList = 3C9ACE482F5DED95009B00D0 /* Build configuration list for PBXNativeTarget "birch" */;
			buildPhases = (
				3C9ACE202F5DED94009B00D0 /* Sources */,
				3C9ACE212F5DED94009B00D0 /* Frameworks */,
				3C9ACE222F5DED94009B00D0 /* Resources */,
			);
			buildRules = (
			);
			dependencies = (
			);
			fileSystemSynchronizedGroups = (
				3C9ACE262F5DED94009B00D0 /* birch */,
			);
			name = birch;
			packageProductDependencies = (
				AA00000500000000000000D0 /* URKit */,
				AA00000800000000000000D0 /* URUI */,
				AA0000B000000000000000D0 /* Bbqr */,
				3C1E1C452F7B0D99002FDAE2 /* BitcoinDevKit */,
				3C1E1FA42F7B5F63002FDAE2 /* BitcoinDevKit */,
			);
			productName = birch;
			productReference = 3C9ACE242F5DED94009B00D0 /* birch.app */;
			productType = "com.apple.product-type.application";
		};
		3C9ACE332F5DED95009B00D0 /* birchTests */ = {
			isa = PBXNativeTarget;
			buildConfigurationList = 3C9ACE4B2F5DED95009B00D0 /* Build configuration list for PBXNativeTarget "birchTests" */;
			buildPhases = (
				3C9ACE302F5DED95009B00D0 /* Sources */,
				3C9ACE312F5DED95009B00D0 /* Frameworks */,
				3C9ACE322F5DED95009B00D0 /* Resources */,
			);
			buildRules = (
			);
			dependencies = (
				3C9ACE362F5DED95009B00D0 /* PBXTargetDependency */,
			);
			fileSystemSynchronizedGroups = (
				3C9ACE372F5DED95009B00D0 /* birchTests */,
			);
			name = birchTests;
			packageProductDependencies = (
			);
			productName = birchTests;
			productReference = 3C9ACE342F5DED95009B00D0 /* birchTests.xctest */;
			productType = "com.apple.product-type.bundle.unit-test";
		};
		3C9ACE3D2F5DED95009B00D0 /* birchUITests */ = {
			isa = PBXNativeTarget;
			buildConfigurationList = 3C9ACE4E2F5DED95009B00D0 /* Build configuration list for PBXNativeTarget "birchUITests" */;
			buildPhases = (
				3C9ACE3A2F5DED95009B00D0 /* Sources */,
				3C9ACE3B2F5DED95009B00D0 /* Frameworks */,
				3C9ACE3C2F5DED95009B00D0 /* Resources */,
			);
			buildRules = (
			);
			dependencies = (
				3C9ACE402F5DED95009B00D0 /* PBXTargetDependency */,
			);
			fileSystemSynchronizedGroups = (
				3C9ACE412F5DED95009B00D0 /* birchUITests */,
			);
			name = birchUITests;
			packageProductDependencies = (
			);
			productName = birchUITests;
			productReference = 3C9ACE3E2F5DED95009B00D0 /* birchUITests.xctest */;
			productType = "com.apple.product-type.bundle.ui-testing";
		};
/* End PBXNativeTarget section */

/* Begin PBXProject section */
		3C9ACE1C2F5DED94009B00D0 /* Project object */ = {
			isa = PBXProject;
			attributes = {
				BuildIndependentTargetsInParallel = 1;
				LastSwiftUpdateCheck = 1620;
				LastUpgradeCheck = 2630;
				TargetAttributes = {
					3C9ACE232F5DED94009B00D0 = {
						CreatedOnToolsVersion = 16.2;
					};
					3C9ACE332F5DED95009B00D0 = {
						CreatedOnToolsVersion = 16.2;
						TestTargetID = 3C9ACE232F5DED94009B00D0;
					};
					3C9ACE3D2F5DED95009B00D0 = {
						CreatedOnToolsVersion = 16.2;
						TestTargetID = 3C9ACE232F5DED94009B00D0;
					};
				};
			};
			buildConfigurationList = 3C9ACE1F2F5DED94009B00D0 /* Build configuration list for PBXProject "birch" */;
			developmentRegion = en;
			hasScannedForEncodings = 0;
			knownRegions = (
				en,
				Base,
			);
			mainGroup = 3C9ACE1B2F5DED94009B00D0;
			minimizedProjectReferenceProxies = 1;
			packageReferences = (
				AA00000400000000000000D0 /* XCRemoteSwiftPackageReference "URKit" */,
				AA00000700000000000000D0 /* XCRemoteSwiftPackageReference "URUI" */,
				AA0000A000000000000000D0 /* XCRemoteSwiftPackageReference "bbqr-swift" */,
				3C1E1FA32F7B5F63002FDAE2 /* XCRemoteSwiftPackageReference "bdk-swift" */,
			);
			preferredProjectObjectVersion = 77;
			productRefGroup = 3C9ACE252F5DED94009B00D0 /* Products */;
			projectDirPath = "";
			projectRoot = "";
			targets = (
				3C9ACE232F5DED94009B00D0 /* birch */,
				3C9ACE332F5DED95009B00D0 /* birchTests */,
				3C9ACE3D2F5DED95009B00D0 /* birchUITests */,
			);
		};
/* End PBXProject section */

/* Begin PBXResourcesBuildPhase section */
		3C9ACE222F5DED94009B00D0 /* Resources */ = {
			isa = PBXResourcesBuildPhase;
			buildActionMask = 2147483647;
			files = (
			);
			runOnlyForDeploymentPostprocessing = 0;
		};
		3C9ACE322F5DED95009B00D0 /* Resources */ = {
			isa = PBXResourcesBuildPhase;
			buildActionMask = 2147483647;
			files = (
			);
			runOnlyForDeploymentPostprocessing = 0;
		};
		3C9ACE3C2F5DED95009B00D0 /* Resources */ = {
			isa = PBXResourcesBuildPhase;
			buildActionMask = 2147483647;
			files = (
			);
			runOnlyForDeploymentPostprocessing = 0;
		};
/* End PBXResourcesBuildPhase section */

/* Begin PBXSourcesBuildPhase section */
		3C9ACE202F5DED94009B00D0 /* Sources */ = {
			isa = PBXSourcesBuildPhase;
			buildActionMask = 2147483647;
			files = (
			);
			runOnlyForDeploymentPostprocessing = 0;
		};
		3C9ACE302F5DED95009B00D0 /* Sources */ = {
			isa = PBXSourcesBuildPhase;
			buildActionMask = 2147483647;
			files = (
			);
			runOnlyForDeploymentPostprocessing = 0;
		};
		3C9ACE3A2F5DED95009B00D0 /* Sources */ = {
			isa = PBXSourcesBuildPhase;
			buildActionMask = 2147483647;
			files = (
			);
			runOnlyForDeploymentPostprocessing = 0;
		};
/* End PBXSourcesBuildPhase section */

/* Begin PBXTargetDependency section */
		3C9ACE362F5DED95009B00D0 /* PBXTargetDependency */ = {
			isa = PBXTargetDependency;
			target = 3C9ACE232F5DED94009B00D0 /* birch */;
			targetProxy = 3C9ACE352F5DED95009B00D0 /* PBXContainerItemProxy */;
		};
		3C9ACE402F5DED95009B00D0 /* PBXTargetDependency */ = {
			isa = PBXTargetDependency;
			target = 3C9ACE232F5DED94009B00D0 /* birch */;
			targetProxy = 3C9ACE3F2F5DED95009B00D0 /* PBXContainerItemProxy */;
		};
/* End PBXTargetDependency section */

/* Begin XCBuildConfiguration section */
		3C9ACE462F5DED95009B00D0 /* Debug */ = {
			isa = XCBuildConfiguration;
			baseConfigurationReference = CC0000010000000000000002 /* Debug.xcconfig */;
			buildSettings = {
				DEVELOPMENT_TEAM = ZW85AH743B;
			};
			name = Debug;
		};
		3C9ACE472F5DED95009B00D0 /* Release */ = {
			isa = XCBuildConfiguration;
			baseConfigurationReference = CC0000010000000000000003 /* Release.xcconfig */;
			buildSettings = {
				DEVELOPMENT_TEAM = ZW85AH743B;
			};
			name = Release;
		};
		3C9ACE492F5DED95009B00D0 /* Debug */ = {
			isa = XCBuildConfiguration;
			baseConfigurationReference = CC0000010000000000000004 /* Birch.xcconfig */;
			buildSettings = {
				CURRENT_PROJECT_VERSION = 25;
				MARKETING_VERSION = 0.2.0;
			};
			name = Debug;
		};
		3C9ACE4A2F5DED95009B00D0 /* Release */ = {
			isa = XCBuildConfiguration;
			baseConfigurationReference = CC0000010000000000000004 /* Birch.xcconfig */;
			buildSettings = {
				CURRENT_PROJECT_VERSION = 25;
				MARKETING_VERSION = 0.2.0;
			};
			name = Release;
		};
		3C9ACE4C2F5DED95009B00D0 /* Debug */ = {
			isa = XCBuildConfiguration;
			buildSettings = {
				BUNDLE_LOADER = "$(TEST_HOST)";
				CODE_SIGN_STYLE = Automatic;
				CURRENT_PROJECT_VERSION = 2;
				GENERATE_INFOPLIST_FILE = YES;
				IPHONEOS_DEPLOYMENT_TARGET = 26.0;
				MARKETING_VERSION = 1.0;
				PRODUCT_BUNDLE_IDENTIFIER = com.klockenga.hellbenderTests;
				PRODUCT_NAME = "$(TARGET_NAME)";
				SWIFT_EMIT_LOC_STRINGS = NO;
				SWIFT_VERSION = 5.0;
				TARGETED_DEVICE_FAMILY = "1,2";
				TEST_HOST = "$(BUILT_PRODUCTS_DIR)/birch.app/$(BUNDLE_EXECUTABLE_FOLDER_PATH)/birch";
			};
			name = Debug;
		};
		3C9ACE4D2F5DED95009B00D0 /* Release */ = {
			isa = XCBuildConfiguration;
			buildSettings = {
				BUNDLE_LOADER = "$(TEST_HOST)";
				CODE_SIGN_STYLE = Automatic;
				CURRENT_PROJECT_VERSION = 2;
				GENERATE_INFOPLIST_FILE = YES;
				IPHONEOS_DEPLOYMENT_TARGET = 26.0;
				MARKETING_VERSION = 1.0;
				PRODUCT_BUNDLE_IDENTIFIER = com.klockenga.hellbenderTests;
				PRODUCT_NAME = "$(TARGET_NAME)";
				SWIFT_EMIT_LOC_STRINGS = NO;
				SWIFT_VERSION = 5.0;
				TARGETED_DEVICE_FAMILY = "1,2";
				TEST_HOST = "$(BUILT_PRODUCTS_DIR)/birch.app/$(BUNDLE_EXECUTABLE_FOLDER_PATH)/birch";
			};
			name = Release;
		};
		3C9ACE4F2F5DED95009B00D0 /* Debug */ = {
			isa = XCBuildConfiguration;
			buildSettings = {
				CODE_SIGN_STYLE = Automatic;
				CURRENT_PROJECT_VERSION = 2;
				GENERATE_INFOPLIST_FILE = YES;
				MARKETING_VERSION = 1.0;
				PRODUCT_BUNDLE_IDENTIFIER = com.klockenga.hellbenderUITests;
				PRODUCT_NAME = "$(TARGET_NAME)";
				SWIFT_EMIT_LOC_STRINGS = NO;
				SWIFT_VERSION = 5.0;
				TARGETED_DEVICE_FAMILY = "1,2";
				TEST_TARGET_NAME = birch;
			};
			name = Debug;
		};
		3C9ACE502F5DED95009B00D0 /* Release */ = {
			isa = XCBuildConfiguration;
			buildSettings = {
				CODE_SIGN_STYLE = Automatic;
				CURRENT_PROJECT_VERSION = 2;
				GENERATE_INFOPLIST_FILE = YES;
				MARKETING_VERSION = 1.0;
				PRODUCT_BUNDLE_IDENTIFIER = com.klockenga.hellbenderUITests;
				PRODUCT_NAME = "$(TARGET_NAME)";
				SWIFT_EMIT_LOC_STRINGS = NO;
				SWIFT_VERSION = 5.0;
				TARGETED_DEVICE_FAMILY = "1,2";
				TEST_TARGET_NAME = birch;
			};
			name = Release;
		};
/* End XCBuildConfiguration section */

/* Begin XCConfigurationList section */
		3C9ACE1F2F5DED94009B00D0 /* Build configuration list for PBXProject "birch" */ = {
			isa = XCConfigurationList;
			buildConfigurations = (
				3C9ACE462F5DED95009B00D0 /* Debug */,
				3C9ACE472F5DED95009B00D0 /* Release */,
			);
			defaultConfigurationIsVisible = 0;
			defaultConfigurationName = Release;
		};
		3C9ACE482F5DED95009B00D0 /* Build configuration list for PBXNativeTarget "birch" */ = {
			isa = XCConfigurationList;
			buildConfigurations = (
				3C9ACE492F5DED95009B00D0 /* Debug */,
				3C9ACE4A2F5DED95009B00D0 /* Release */,
			);
			defaultConfigurationIsVisible = 0;
			defaultConfigurationName = Release;
		};
		3C9ACE4B2F5DED95009B00D0 /* Build configuration list for PBXNativeTarget "birchTests" */ = {
			isa = XCConfigurationList;
			buildConfigurations = (
				3C9ACE4C2F5DED95009B00D0 /* Debug */,
				3C9ACE4D2F5DED95009B00D0 /* Release */,
			);
			defaultConfigurationIsVisible = 0;
			defaultConfigurationName = Release;
		};
		3C9ACE4E2F5DED95009B00D0 /* Build configuration list for PBXNativeTarget "birchUITests" */ = {
			isa = XCConfigurationList;
			buildConfigurations = (
				3C9ACE4F2F5DED95009B00D0 /* Debug */,
				3C9ACE502F5DED95009B00D0 /* Release */,
			);
			defaultConfigurationIsVisible = 0;
			defaultConfigurationName = Release;
		};
/* End XCConfigurationList section */

/* Begin XCRemoteSwiftPackageReference section */
		3C1E1FA32F7B5F63002FDAE2 /* XCRemoteSwiftPackageReference "bdk-swift" */ = {
			isa = XCRemoteSwiftPackageReference;
			repositoryURL = "https://github.com/newtonick/bdk-swift";
			requirement = {
				kind = exactVersion;
				version = "2.3.1-ssl-patch";
			};
		};
		AA00000400000000000000D0 /* XCRemoteSwiftPackageReference "URKit" */ = {
			isa = XCRemoteSwiftPackageReference;
			repositoryURL = "https://github.com/BlockchainCommons/URKit";
			requirement = {
				kind = upToNextMajorVersion;
				minimumVersion = 15.0.0;
			};
		};
		AA00000700000000000000D0 /* XCRemoteSwiftPackageReference "URUI" */ = {
			isa = XCRemoteSwiftPackageReference;
			repositoryURL = "https://github.com/BlockchainCommons/URUI";
			requirement = {
				kind = upToNextMajorVersion;
				minimumVersion = 12.0.0;
			};
		};
		AA0000A000000000000000D0 /* XCRemoteSwiftPackageReference "bbqr-swift" */ = {
			isa = XCRemoteSwiftPackageReference;
			repositoryURL = "https://github.com/bitcoinppl/bbqr-swift";
			requirement = {
				kind = upToNextMajorVersion;
				minimumVersion = 0.2.0;
			};
		};
/* End XCRemoteSwiftPackageReference section */

/* Begin XCSwiftPackageProductDependency section */
		3C1E1C452F7B0D99002FDAE2 /* BitcoinDevKit */ = {
			isa = XCSwiftPackageProductDependency;
			productName = BitcoinDevKit;
		};
		3C1E1FA42F7B5F63002FDAE2 /* BitcoinDevKit */ = {
			isa = XCSwiftPackageProductDependency;
			package = 3C1E1FA32F7B5F63002FDAE2 /* XCRemoteSwiftPackageReference "bdk-swift" */;
			productName = BitcoinDevKit;
		};
		AA00000500000000000000D0 /* URKit */ = {
			isa = XCSwiftPackageProductDependency;
			package = AA00000400000000000000D0 /* XCRemoteSwiftPackageReference "URKit" */;
			productName = URKit;
		};
		AA00000800000000000000D0 /* URUI */ = {
			isa = XCSwiftPackageProductDependency;
			package = AA00000700000000000000D0 /* XCRemoteSwiftPackageReference "URUI" */;
			productName = URUI;
		};
		AA0000B000000000000000D0 /* Bbqr */ = {
			isa = XCSwiftPackageProductDependency;
			package = AA0000A000000000000000D0 /* XCRemoteSwiftPackageReference "bbqr-swift" */;
			productName = Bbqr;
		};
/* End XCSwiftPackageProductDependency section */
	};
	rootObject = 3C9ACE1C2F5DED94009B00D0 /* Project object */;
}
